
Microsoft Visual Studio Solution File, Format Version 12.00
# Visual Studio 14
VisualStudioVersion = 14.0.25420.1
MinimumVisualStudioVersion = 10.0.40219.1
Project("{FAE04EC0-301F-11D3-BF4B-00C04F79EFBC}") = "NauticSystems_Console", "NauticSystems_Console\NauticSystems_Console.csproj", "{A0AA13D8-D40D-4A7D-AEFF-98779E7F397A}"
EndProject
Global
	GlobalSection(SolutionConfigurationPlatforms) = preSolution
		Debug|Any CPU = Debug|Any CPU
		Release|Any CPU = Release|Any CPU
	EndGlobalSection
	GlobalSection(ProjectConfigurationPlatforms) = postSolution
		{A0AA13D8-D40D-4A7D-AEFF-98779E7F397A}.Debug|Any CPU.ActiveCfg = Debug|Any CPU
		{A0AA13D8-D40D-4A7D-AEFF-98779E7F397A}.Debug|Any CPU.Build.0 = Debug|Any CPU
		{A0AA13D8-D40D-4A7D-AEFF-98779E7F397A}.Release|Any CPU.ActiveCfg = Release|Any CPU
		{A0AA13D8-D40D-4A7D-AEFF-98779E7F397A}.Release|Any CPU.Build.0 = Release|Any CPU
	EndGlobalSection
	GlobalSection(SolutionProperties) = preSolution
		HideSolutionNode = FALSE
	EndGlobalSection
EndGlobal
